{
  "name": "newsletter-frontend",
  "version": "0.1.0",
  "lockfileVersion": 3,
  "requires": true,
  "packages": {
    "": {
      "name": "newsletter-frontend",
      "version": "0.1.0",
      "dependencies": {
        "@testing-library/jest-dom": "^5.17.0",
        "@testing-library/react": "^13.4.0",
        "@testing-library/user-event": "^14.4.3",
        "autoprefixer": "^10.4.15",
        "axios": "^1.5.0",
        "lucide-react": "^0.279.0",
        "marked": "^5.1.2",
        "postcss": "^8.4.29",
        "react": "^18.2.0",
        "react-dom": "^18.2.0",
        "react-hook-form": "^7.45.4",
        "react-hot-toast": "^2.4.1",
        "react-markdown": "^8.0.7",
        "react-query": "^3.39.3",
        "react-quill": "^2.0.0",
        "react-router-dom": "^6.15.0",
        "react-scripts": "5.0.1",
        "rehype-raw": "^6.1.1",
        "rehype-sanitize": "^5.0.1",
        "remark-gfm": "^3.0.1",
        "sanitize-html": "^2.11.0",
        "tailwindcss": "^3.3.0",
        "web-vitals": "^2.1.4"
      },
      "browserslist": {
        "production": [
          ">0.2%",
          "not dead",
          "not op_mini all"
        ],
        "development": [
          "last 1 chrome version",
          "last 1 firefox version",
          "last 1 safari version"
        ]
      }
    },
    "node_modules/@testing-library/jest-dom": {
      "version": "5.17.0",
      "resolved": "https://registry.npmjs.org/@testing-library/jest-dom/-/jest-dom-5.17.0.tgz",
      "integrity": "sha512-HnojmXl7NwXMUFMXyCg0nLYtEKnGNeDOGgOVm7VU0FaNa8nHFsO2z9yLTB1NUqUgpjVqFGfSFjOHa8S2HTsI0g==",
      "dependencies": {
        "@adobe/css-tools": "^4.0.1",
        "@babel/runtime": "^7.9.2",
        "aria-query": "^5.0.0",
        "chalk": "^3.0.0",
        "css.escape": "^1.5.1",
        "dom-accessibility-api": "^0.5.9",
        "lodash": "^4.17.15",
        "redent": "^3.0.0"
      },
      "engines": {
        "node": ">=8",
        "npm": ">=6"
      },
      "peerDependencies": {
        "@jest/globals": "*",
        "@types/jest": "*",
        "jest": ">= 28"
      },
      "peerDependenciesMeta": {
        "@jest/globals": {
          "optional": true
        },
        "@types/jest": {
          "optional": true
        }
      }
    },
    "node_modules/@testing-library/react": {
      "version": "13.4.0",
      "resolved": "https://registry.npmjs.org/@testing-library/react/-/react-13.4.0.tgz",
      "integrity": "sha512-sXOGON+WNTh3MLE9rve97ftaZukN3oNf2KjDy7YTx6hcTO2uuLHuCGynMDhFwGw/jYf4OJ2Qk0i4i79qMNNkyw==",
      "dependencies": {
        "@babel/runtime": "^7.12.5",
        "@testing-library/dom": "^8.5.0",
        "@types/react-dom": "^18.0.0"
      },
      "engines": {
        "node": ">=12"
      },
      "peerDependencies": {
        "react": "^18.0.0",
        "react-dom": "^18.0.0"
      }
    },
    "node_modules/@testing-library/user-event": {
      "version": "14.4.3",
      "resolved": "https://registry.npmjs.org/@testing-library/user-event/-/user-event-14.4.3.tgz",
      "integrity": "sha512-kCUc5MEwaEMakkO5x7aoD+DLi02ehmEM2QCGWvNqAS1dV/fAvORWEjnjsEIvml59M7Y5kCkWN6fCCyPOe8OL6Q==",
      "engines": {
        "node": ">=12",
        "npm": ">=6"
      },
      "peerDependencies": {
        "@testing-library/dom": ">=7.21.4"
      }
    },
    "node_modules/autoprefixer": {
      "version": "10.4.15",
      "resolved": "https://registry.npmjs.org/autoprefixer/-/autoprefixer-10.4.15.tgz",
      "integrity": "sha512-KCuPB8ZCIqFdA4HwKXsvz7j6gvSDNhDP7WnUjBleRkKjPdvCmHFuQ77ocavI8FT6NdvlBnE2UFr2H4Mycn8Vew==",
      "funding": [
        {
          "type": "opencollective",
          "url": "https://opencollective.com/postcss/"
        },
        {
          "type": "tidelift",
          "url": "https://tidelift.com/funding/github/npm/autoprefixer"
        },
        {
          "type": "github",
          "url": "https://github.com/sponsors/ai"
        }
      ],
      "dependencies": {
        "browserslist": "^4.21.10",
        "caniuse-lite": "^1.0.30001520",
        "fraction.js": "^4.2.0",
        "normalize-range": "^0.1.2",
        "picocolors": "^1.0.0",
        "postcss-value-parser": "^4.2.0"
      },
      "bin": {
        "autoprefixer": "bin/autoprefixer"
      },
      "engines": {
        "node": "^10 || ^12 || >=14"
      },
      "peerDependencies": {
        "postcss": "^8.4.21"
      }
    },
    "node_modules/axios": {
      "version": "1.5.0",
      "resolved": "https://registry.npmjs.org/axios/-/axios-1.5.0.tgz",
      "integrity": "sha512-D4DdjDo5CY50Qms0qGQTTw6Q44jl7zRwY7bthds06pUGfChBCTcQs+N743eFWGEd6pRTMd6A+I87aWyFV5wiZQ==",
      "dependencies": {
        "follow-redirects": "^1.15.0",
        "form-data": "^4.0.0",
        "proxy-from-env": "^1.1.0"
      }
    },
    "node_modules/lucide-react": {
      "version": "0.279.0",
      "resolved": "https://registry.npmjs.org/lucide-react/-/lucide-react-0.279.0.tgz",
      "integrity": "sha512-5O7RzaKzQ9I70x5mOgOPEKF5bAGN4wrDrftpkEJ4mGGFPKhaxGbTNQbVWJgTkIKPfN5JJUMAA5IHuvtk8V9k/w==",
      "peerDependencies": {
        "react": "^16.5.1 || ^17.0.0 || ^18.0.0"
      }
    },
    "node_modules/marked": {
      "version": "5.1.2",
      "resolved": "https://registry.npmjs.org/marked/-/marked-5.1.2.tgz",
      "integrity": "sha512-ahRPGXJpjMjwSOlBoTMZAK7ATXkli5qCPxZ21TG44rx1KEo44bii4ekgTDQPNRQ4Kh7JMb9Ub1PVk1NxRSsorg==",
      "bin": {
        "marked": "bin/marked.js"
      },
      "engines": {
        "node": ">= 16"
      }
    },
    "node_modules/postcss": {
      "version": "8.4.29",
      "resolved": "https://registry.npmjs.org/postcss/-/postcss-8.4.29.tgz",
      "integrity": "sha512-cbI+jaqIeu/VGqXEarWkRXCPYKOHnYZsb2yJATd+u2o0Ag2UwrwpCDKQh9n5r7iHWtOCJr6Ip1JkIXNxBUJKjQ==",
      "funding": [
        {
          "type": "opencollective",
          "url": "https://opencollective.com/postcss/"
        },
        {
          "type": "tidelift",
          "url": "https://tidelift.com/funding/github/npm/postcss"
        },
        {
          "type": "github",
          "url": "https://github.com/sponsors/ai"
        }
      ],
      "dependencies": {
        "nanoid": "^3.3.6",
        "picocolors": "^1.0.0",
        "source-map-js": "^1.0.2"
      },
      "engines": {
        "node": "^10 || ^12 || >=14"
      }
    },
    "node_modules/react": {
      "version": "18.2.0",
      "resolved": "https://registry.npmjs.org/react/-/react-18.2.0.tgz",
      "integrity": "sha512-/3IjMdb2L9QbBdWiW5e3P2/npwMBaU9mHCSCUzNln0ZCYbcfTsGbTJrU/kGemdH2IWmB2ioZ+zkxtmq6g09fGQ==",
      "dependencies": {
        "loose-envify": "^1.1.0"
      },
      "engines": {
        "node": ">=0.10.0"
      }
    },
    "node_modules/react-dom": {
      "version": "18.2.0",
      "resolved": "https://registry.npmjs.org/react-dom/-/react-dom-18.2.0.tgz",
      "integrity": "sha512-6IMTriUmvsjHUjNtEDudZfuDQUoWXVxKHhlEGSk81n4YFS+r/Kl99wXiwlVXtPBtJenozv2P+hxDsw9eA7Xo6g==",
      "dependencies": {
        "loose-envify": "^1.1.0",
        "scheduler": "^0.23.0"
      },
      "peerDependencies": {
        "react": "^18.2.0"
      }
    },
    "node_modules/react-hook-form": {
      "version": "7.45.4",
      "resolved": "https://registry.npmjs.org/react-hook-form/-/react-hook-form-7.45.4.tgz",
      "integrity": "sha512-MEKY1b/pzU4L2GVQZ3TW3aa/oDaUDJP9/hhi+tm7Lh8h3SOoz6DMxV6xx9VTcvzpNAI1TtyqR8IgpvQoLk0M+Q==",
      "engines": {
        "node": ">=12.22.0"
      },
      "funding": {
        "type": "opencollective",
        "url": "https://opencollective.com/react-hook-form"
      },
      "peerDependencies": {
        "react": "^16.8.0 || ^17 || ^18"
      }
    },
    "node_modules/react-hot-toast": {
      "version": "2.4.1",
      "resolved": "https://registry.npmjs.org/react-hot-toast/-/react-hot-toast-2.4.1.tgz",
      "integrity": "sha512-j8z+cQbWIM5LY37pR6uZR6D4LfseplqnAO4co4u8917hBUvXlEqyP1ZzqVLcqoyUesZZv/ImreoCeHVDpE5psg==",
      "dependencies": {
        "goober": "^2.1.10"
      },
      "engines": {
        "node": ">=10"
      },
      "peerDependencies": {
        "react": ">=16",
        "react-dom": ">=16"
      }
    },
    "node_modules/react-markdown": {
      "version": "8.0.7",
      "resolved": "https://registry.npmjs.org/react-markdown/-/react-markdown-8.0.7.tgz",
      "integrity": "sha512-bvWbzG4MtOU62XqBx3Xx+zB2raaFFsq4mYiAzfjXJMEz2sixgeAfraA3tvzULF02ZdOMUOKTBFFaZJDDrq+BJQ==",
      "dependencies": {
        "@types/hast": "^2.0.0",
        "@types/prop-types": "^15.0.0",
        "@types/unist": "^2.0.0",
        "comma-separated-tokens": "^2.0.0",
        "hast-util-whitespace": "^2.0.0",
        "prop-types": "^15.0.0",
        "property-information": "^6.0.0",
        "react-is": "^18.0.0",
        "remark-parse": "^10.0.0",
        "remark-rehype": "^10.0.0",
        "space-separated-tokens": "^2.0.0",
        "style-to-object": "^0.4.0",
        "unified": "^10.0.0",
        "unist-util-visit": "^4.0.0",
        "vfile": "^5.0.0"
      },
      "funding": {
        "type": "opencollective",
        "url": "https://opencollective.com/unified"
      },
      "peerDependencies": {
        "@types/react": ">=16",
        "react": ">=16"
      }
    },
    "node_modules/react-query": {
      "version": "3.39.3",
      "resolved": "https://registry.npmjs.org/react-query/-/react-query-3.39.3.tgz",
      "integrity": "sha512-nLfLz7GiohKTJDuT4us4X3h/8unOh+00MLb2yJoGTPjxKs2bc1iDhkNx2bd5MKklXnOD3NrVZ+J2UXujA5In4g==",
      "dependencies": {
        "@babel/runtime": "^7.5.5",
        "broadcast-channel": "^3.4.1",
        "match-sorter": "^6.0.2"
      },
      "funding": {
        "type": "github",
        "url": "https://github.com/sponsors/tannerlinsley"
      },
      "peerDependencies": {
        "react": "^16.8.0 || ^17.0.0 || ^18.0.0",
        "react-dom": "^16.8.0 || ^17.0.0 || ^18.0.0",
        "react-native": "*"
      },
      "peerDependenciesMeta": {
        "react-dom": {
          "optional": true
        },
        "react-native": {
          "optional": true
        }
      }
    },
    "node_modules/react-quill": {
      "version": "2.0.0",
      "resolved": "https://registry.npmjs.org/react-quill/-/react-quill-2.0.0.tgz",
      "integrity": "sha512-4qQtWB9uQHwZyMWmY7dRipUkgx0i5ky31/3KD6EBWCPFHKqLYqUfWu6DfnMVnhtYUe5YckUt7BfHnhrvl1GrAg==",
      "dependencies": {
        "quill": "^1.3.7",
        "quill-delta": "^4.2.2"
      },
      "peerDependencies": {
        "react": "^16 || ^17 || ^18",
        "react-dom": "^16 || ^17 || ^18"
      }
    },
    "node_modules/react-router-dom": {
      "version": "6.15.0",
      "resolved": "https://registry.npmjs.org/react-router-dom/-/react-router-dom-6.15.0.tgz",
      "integrity": "sha512-aR42t0UIbfsLLvj8lGd2V6r8dTpUamDtPxB6AI9jS3mTZvF79Ps7SHPZ7W7KtUU8ZcEn6xyKhwzJg2g/eODQAg==",
      "dependencies": {
        "@remix-run/router": "1.8.0",
        "react-router": "6.15.0"
      },
      "engines": {
        "node": ">=14.0.0"
      },
      "peerDependencies": {
        "react": ">=16.8",
        "react-dom": ">=16.8"
      }
    },
    "node_modules/react-scripts": {
      "version": "5.0.1",
      "resolved": "https://registry.npmjs.org/react-scripts/-/react-scripts-5.0.1.tgz",
      "integrity": "sha512-8VAmEm/ZAwQzJ+GOMLbBsTdDKOpuZh7RPs0UymvBR2vRk4iZWCskjbFnxqjrzoIvlNNRZ3QJFx6/qDSi6zSnaQ==",
      "dependencies": {
        "@babel/core": "^7.16.0",
        "@pmmmwh/react-refresh-webpack-plugin": "^0.5.3",
        "@svgr/webpack": "^5.5.0",
        "babel-jest": "^27.4.6",
        "babel-loader": "^8.2.3",
        "babel-plugin-named-asset-import": "^0.3.8",
        "babel-preset-react-app": "^10.0.1",
        "bfj": "^7.0.2",
        "browserslist": "^4.18.1",
        "camelcase": "^6.2.1",
        "case-sensitive-paths-webpack-plugin": "^2.4.0",
        "css-loader": "^6.5.1",
        "css-minimizer-webpack-plugin": "^3.2.0",
        "dotenv": "^10.0.0",
        "dotenv-expand": "^5.1.0",
        "eslint": "^8.3.0",
        "eslint-config-react-app": "^7.0.1",
        "eslint-webpack-plugin": "^3.1.1",
        "file-loader": "^6.2.0",
        "fs-extra": "^10.0.0",
        "html-webpack-plugin": "^5.5.0",
        "identity-obj-proxy": "^3.0.0",
        "jest": "^27.4.7",
        "jest-resolve": "^27.4.6",
        "jest-watch-typeahead": "^1.0.0",
        "mini-css-extract-plugin": "^2.4.5",
        "postcss": "^8.4.4",
        "postcss-flexbugs-fixes": "^5.0.2",
        "postcss-loader": "^6.2.1",
        "postcss-normalize": "^10.0.1",
        "postcss-preset-env": "^7.0.1",
        "prompts": "^2.4.2",
        "react-app-polyfill": "^3.0.0",
        "react-dev-utils": "^12.0.1",
        "react-refresh": "^0.11.0",
        "resolve": "^1.20.0",
        "resolve-url-loader": "^4.0.0",
        "sass-loader": "^12.3.0",
        "semver": "^7.3.5",
        "source-map-loader": "^3.0.0",
        "style-loader": "^3.3.1",
        "tailwindcss": "^3.0.2",
        "terser-webpack-plugin": "^5.2.5",
        "webpack": "^5.64.4",
        "webpack-dev-server": "^4.6.0",
        "webpack-manifest-plugin": "^4.0.2",
        "workbox-webpack-plugin": "^6.4.1"
      },
      "bin": {
        "react-scripts": "bin/react-scripts.js"
      },
      "engines": {
        "node": ">=14.0.0"
      },
      "optionalDependencies": {
        "fsevents": "^2.3.2"
      },
      "peerDependencies": {
        "react": ">= 16",
        "typescript": "^3.2.1 || ^4"
      },
      "peerDependenciesMeta": {
        "typescript": {
          "optional": true
        }
      }
    },
    "node_modules/rehype-raw": {
      "version": "6.1.1",
      "resolved": "https://registry.npmjs.org/rehype-raw/-/rehype-raw-6.1.1.tgz",
      "integrity": "sha512-d6AKtisSRtDRX4aSPsJGTfnzrX2ZkHQLE5kiUuGOeEoLpbEulFF4hj0mLPbsa+7vmguDKOVVEQdHKDSwoaIDsQ==",
      "dependencies": {
        "@types/hast": "^2.0.0",
        "hast-util-raw": "^7.2.0",
        "unified": "^10.0.0"
      },
      "funding": {
        "type": "opencollective",
        "url": "https://opencollective.com/unified"
      }
    },
    "node_modules/rehype-sanitize": {
      "version": "5.0.1",
      "resolved": "https://registry.npmjs.org/rehype-sanitize/-/rehype-sanitize-5.0.1.tgz",
      "integrity": "sha512-Qp+2E4jEwRlMGAzQlpnFBqBdVCOqalXXCoy43BqZdMTE8KNRqIAh9ZYvPETPyMP2Ris2dqdjlSBJBXnNJMNq6A==",
      "dependencies": {
        "@types/hast": "^2.0.0",
        "hast-util-sanitize": "^4.0.0",
        "unified": "^10.0.0"
      },
      "funding": {
        "type": "opencollective",
        "url": "https://opencollective.com/unified"
      }
    },
    "node_modules/remark-gfm": {
      "version": "3.0.1",
      "resolved": "https://registry.npmjs.org/remark-gfm/-/remark-gfm-3.0.1.tgz",
      "integrity": "sha512-lEFDoi2PICJyNrACFOfDD3JlLkuSbOa5Wd8EPt06HUdptv8Gn0bxYTdbU/XXQ3swAPkEaGxxPN9cbnMHvVu1Ig==",
      "dependencies": {
        "@types/mdast": "^3.0.0",
        "mdast-util-gfm": "^2.0.0",
        "micromark-extension-gfm": "^2.0.0",
        "unified": "^10.0.0"
      },
      "funding": {
        "type": "opencollective",
        "url": "https://opencollective.com/unified"
      }
    },
    "node_modules/sanitize-html": {
      "version": "2.11.0",
      "resolved": "https://registry.npmjs.org/sanitize-html/-/sanitize-html-2.11.0.tgz",
      "integrity": "sha512-7tbBh0OJSCa46c43xzTKj/Lx2Kb0OvEOKWEVvpNTOY9SVQKq/7gvEQsYoqfvcXE0EJuGHw9WlaZyUNJLk6EoOA==",
      "dependencies": {
        "deepmerge": "^4.2.2",
        "escape-string-regexp": "^4.0.0",
        "htmlparser2": "^8.0.0",
        "is-plain-object": "^5.0.0",
        "parse-srcset": "^1.0.2",
        "postcss": "^8.3.11"
      },
      "funding": {
        "url": "https://github.com/apostrophecms/sanitize-html?sponsor=1"
      }
    },
    "node_modules/tailwindcss": {
      "version": "3.3.0",
      "resolved": "https://registry.npmjs.org/tailwindcss/-/tailwindcss-3.3.0.tgz",
      "integrity": "sha512-F3qYc5k2z8J7AXxnLyoWS5OEcd+1qKwJ8h5VhNjIjtgHWJ8z5x9GqhLbDPY2a8oZg7LH3T6K8fJZJTDsNBSiVg==",
      "dependencies": {
        "@alloc/quick-lru": "^5.2.0",
        "arg": "^5.0.2",
        "chokidar": "^3.5.3",
        "didyoumean": "^1.2.2",
        "dlv": "^1.1.3",
        "fast-glob": "^3.2.12",
        "glob-parent": "^6.0.2",
        "is-glob": "^4.0.3",
        "jiti": "^1.18.2",
        "lilconfig": "^2.1.0",
        "micromatch": "^4.0.5",
        "normalize-path": "^3.0.0",
        "object-hash": "^3.0.0",
        "picocolors": "^1.0.0",
        "postcss": "^8.4.23",
        "postcss-import": "^15.1.0",
        "postcss-js": "^4.0.1",
        "postcss-load-config": "^4.0.1",
        "postcss-nested": "^6.0.1",
        "postcss-selector-parser": "^6.0.11",
        "postcss-value-parser": "^4.2.0",
        "resolve": "^1.22.2",
        "sucrase": "^3.32.0"
      },
      "bin": {
        "tailwind": "lib/cli.js",
        "tailwindcss": "lib/cli.js"
      },
      "engines": {
        "node": ">=14.0.0"
      }
    },
    "node_modules/web-vitals": {
      "version": "2.1.4",
      "resolved": "https://registry.npmjs.org/web-vitals/-/web-vitals-2.1.4.tgz",
      "integrity": "sha512-sVWcwhU5mX6crfI5Vd2dC4qchyTqxV8URinzt25XqVh+bHEPGH4C3NPrNionCP7Obx59wrYEbNlw4Z8sjALzZg=="
    }
  }
}
